
Microsoft Visual Studio Solution File, Format Version 12.00
# Visual Studio 15
VisualStudioVersion = 15.0.26228.10
MinimumVisualStudioVersion = 10.0.40219.1
Project("{FAE04EC0-301F-11D3-BF4B-00C04F79EFBC}") = "HaoYi_PC", "HaoYi_PC\HaoYi_PC.csproj", "{633FCB33-9A05-4472-9E3D-44547DCFBFF5}"
EndProject
Project("{FAE04EC0-301F-11D3-BF4B-00C04F79EFBC}") = "HaoYi_MB", "HaoYi_MB\HaoYi_MB.csproj", "{460738DC-F3E0-4393-A39A-AF3CD6316C80}"
EndProject
Project("{FAE04EC0-301F-11D3-BF4B-00C04F79EFBC}") = "HaoYi_Manage", "HaoYi_Manage\HaoYi_Manage.csproj", "{3843EAE5-A59C-4512-B967-594E818799B7}"
EndProject
Project("{FAE04EC0-301F-11D3-BF4B-00C04F79EFBC}") = "Utility", "Utility\Utility.csproj", "{2ACD16C2-D38B-4104-ADB6-3E1CAF14B0A1}"
EndProject
Global
	GlobalSection(SolutionConfigurationPlatforms) = preSolution
		Debug|Any CPU = Debug|Any CPU
		Release|Any CPU = Release|Any CPU
	EndGlobalSection
	GlobalSection(ProjectConfigurationPlatforms) = postSolution
		{633FCB33-9A05-4472-9E3D-44547DCFBFF5}.Debug|Any CPU.ActiveCfg = Debug|Any CPU
		{633FCB33-9A05-4472-9E3D-44547DCFBFF5}.Debug|Any CPU.Build.0 = Debug|Any CPU
		{633FCB33-9A05-4472-9E3D-44547DCFBFF5}.Release|Any CPU.ActiveCfg = Release|Any CPU
		{633FCB33-9A05-4472-9E3D-44547DCFBFF5}.Release|Any CPU.Build.0 = Release|Any CPU
		{460738DC-F3E0-4393-A39A-AF3CD6316C80}.Debug|Any CPU.ActiveCfg = Debug|Any CPU
		{460738DC-F3E0-4393-A39A-AF3CD6316C80}.Debug|Any CPU.Build.0 = Debug|Any CPU
		{460738DC-F3E0-4393-A39A-AF3CD6316C80}.Release|Any CPU.ActiveCfg = Release|Any CPU
		{460738DC-F3E0-4393-A39A-AF3CD6316C80}.Release|Any CPU.Build.0 = Release|Any CPU
		{3843EAE5-A59C-4512-B967-594E818799B7}.Debug|Any CPU.ActiveCfg = Debug|Any CPU
		{3843EAE5-A59C-4512-B967-594E818799B7}.Debug|Any CPU.Build.0 = Debug|Any CPU
		{3843EAE5-A59C-4512-B967-594E818799B7}.Release|Any CPU.ActiveCfg = Release|Any CPU
		{3843EAE5-A59C-4512-B967-594E818799B7}.Release|Any CPU.Build.0 = Release|Any CPU
		{2ACD16C2-D38B-4104-ADB6-3E1CAF14B0A1}.Debug|Any CPU.ActiveCfg = Debug|Any CPU
		{2ACD16C2-D38B-4104-ADB6-3E1CAF14B0A1}.Debug|Any CPU.Build.0 = Debug|Any CPU
		{2ACD16C2-D38B-4104-ADB6-3E1CAF14B0A1}.Release|Any CPU.ActiveCfg = Release|Any CPU
		{2ACD16C2-D38B-4104-ADB6-3E1CAF14B0A1}.Release|Any CPU.Build.0 = Release|Any CPU
	EndGlobalSection
	GlobalSection(SolutionProperties) = preSolution
		HideSolutionNode = FALSE
	EndGlobalSection
EndGlobal
